# This file is automatically @generated by Poetry 1.8.0 and should not be changed by hand.

[[package]]
name = "attrs"
version = "23.2.0"
description = "Classes Without Boilerplate"
optional = true
python-versions = ">=3.7"
files = [
    {file = "attrs-23.2.0-py3-none-any.whl", hash = "sha256:99b87a485a5820b23b879f04c2305b44b951b502fd64be915879d77a7e8fc6f1"},
    {file = "attrs-23.2.0.tar.gz", hash = "sha256:935dc3b529c262f6cf76e50877d35a4bd3c1de194fd41f47a2b7ae8f19971f30"},
]

[package.extras]
cov = ["attrs[tests]", "coverage[toml] (>=5.3)"]
dev = ["attrs[tests]", "pre-commit"]
docs = ["furo", "myst-parser", "sphinx", "sphinx-notfound-page", "sphinxcontrib-towncrier", "towncrier", "zope-interface"]
tests = ["attrs[tests-no-zope]", "zope-interface"]
tests-mypy = ["mypy (>=1.6)", "pytest-mypy-plugins"]
tests-no-zope = ["attrs[tests-mypy]", "cloudpickle", "hypothesis", "pympler", "pytest (>=4.3.0)", "pytest-xdist[psutil]"]

[[package]]
name = "lib-a"
version = "0.0.1"
description = "Example library"
optional = false
python-versions = "^3.8"
files = []
develop = true

[package.dependencies]
urllib3 = {git = "https://github.com/urllib3/urllib3.git"}

[package.extras]
attrs = ["attrs (>=23.2.0,<24.0.0)"]

[package.source]
type = "directory"
url = "../lib-a"

[[package]]
name = "urllib3"
version = "2.2.4.dev6"
description = "HTTP library with thread-safe connection pooling, file post, and more."
optional = false
python-versions = ">=3.8"
files = []
develop = false

[package.extras]
brotli = ["brotli (>=1.0.9)", "brotlicffi (>=0.8.0)"]
h2 = ["h2 (>=4,<5)"]
socks = ["pysocks (>=1.5.6,!=1.5.7,<2.0)"]
zstd = ["zstandard (>=0.18.0)"]

[package.source]
type = "git"
url = "https://github.com/urllib3/urllib3.git"
reference = "HEAD"
resolved_reference = "f9d37add7983d441b151146db447318dff4186c9"

[extras]
attrs = ["attrs"]

[metadata]
lock-version = "2.0"
python-versions = "^3.8"
content-hash = "f804d3f24cb1e35bfc5fc8d2c85aa2e356847fa8789c1425bb5579ff86dcc302"
