# This file is automatically @generated by Poetry 1.8.0 and should not be changed by hand.

[[package]]
name = "lib-a"
version = "0.0.1"
description = "Example library"
optional = false
python-versions = "^3.8"
files = []
develop = true

[package.dependencies]
urllib3 = {git = "https://github.com/urllib3/urllib3.git"}

[package.extras]
attrs = ["attrs (>=23.2.0,<24.0.0)"]

[package.source]
type = "directory"
url = "../lib-a"

[[package]]
name = "lib-b"
version = "0.0.1"
description = "Example library"
optional = false
python-versions = "^3.8"
files = []
develop = true

[package.dependencies]
lib-a = {path = "../lib-a", develop = true}

[package.extras]
attrs = ["attrs (>=23.2.0,<24.0.0)"]

[package.source]
type = "directory"
url = "../lib-b"

[[package]]
name = "urllib3"
version = "2.2.4.dev6"
description = "HTTP library with thread-safe connection pooling, file post, and more."
optional = false
python-versions = ">=3.8"
files = []
develop = false

[package.extras]
brotli = ["brotli (>=1.0.9)", "brotlicffi (>=0.8.0)"]
h2 = ["h2 (>=4,<5)"]
socks = ["pysocks (>=1.5.6,!=1.5.7,<2.0)"]
zstd = ["zstandard (>=0.18.0)"]

[package.source]
type = "git"
url = "https://github.com/urllib3/urllib3.git"
reference = "HEAD"
resolved_reference = "f9d37add7983d441b151146db447318dff4186c9"

[metadata]
lock-version = "2.0"
python-versions = "^3.8"
content-hash = "eccbc7867031fa6d436e224bafbf059b3c5b91533103f70e16e279664074ece3"
