# This file is automatically @generated by Poetry 1.8.2 and should not be changed by hand.

[[package]]
name = "lib-a"
version = "0.0.1"
description = "Example library"
optional = false
python-versions = "^3.8"
files = []
develop = true

[package.extras]
attrs = ["attrs (>=23.2.0,<24.0.0)"]

[package.source]
type = "directory"
url = "../lib-a"

[[package]]
name = "lib-b"
version = "0.0.1"
description = "Example library"
optional = false
python-versions = "^3.8"
files = []
develop = true

[package.dependencies]
lib-a = {path = "../lib-a", develop = true}

[package.extras]
attrs = ["attrs (>=23.2.0,<24.0.0)"]

[package.source]
type = "directory"
url = "../lib-b"

[metadata]
lock-version = "2.0"
python-versions = "^3.8"
content-hash = "eccbc7867031fa6d436e224bafbf059b3c5b91533103f70e16e279664074ece3"
